
Microsoft Visual Studio Solution File, Format Version 12.00
# Visual Studio Version 17
VisualStudioVersion = 17.0.31903.59
MinimumVisualStudioVersion = 10.0.40219.1
Project("{FAE04EC0-301F-11D3-BF4B-00C04F79EFBC}") = "mesomb_dotnet", "mesomb_dotnet\mesomb_dotnet.csproj", "{7C8BE6CE-D653-4FB0-BA91-E4B39B611D5B}"
EndProject
Project("{FAE04EC0-301F-11D3-BF4B-00C04F79EFBC}") = "app", "app\app.csproj", "{C2651F6B-342C-4AEE-ABD4-AD26D33D3851}"
EndProject
Global
	GlobalSection(SolutionConfigurationPlatforms) = preSolution
		Debug|Any CPU = Debug|Any CPU
		Release|Any CPU = Release|Any CPU
	EndGlobalSection
	GlobalSection(SolutionProperties) = preSolution
		HideSolutionNode = FALSE
	EndGlobalSection
	GlobalSection(ProjectConfigurationPlatforms) = postSolution
		{7C8BE6CE-D653-4FB0-BA91-E4B39B611D5B}.Debug|Any CPU.ActiveCfg = Debug|Any CPU
		{7C8BE6CE-D653-4FB0-BA91-E4B39B611D5B}.Debug|Any CPU.Build.0 = Debug|Any CPU
		{7C8BE6CE-D653-4FB0-BA91-E4B39B611D5B}.Release|Any CPU.ActiveCfg = Release|Any CPU
		{7C8BE6CE-D653-4FB0-BA91-E4B39B611D5B}.Release|Any CPU.Build.0 = Release|Any CPU
		{C2651F6B-342C-4AEE-ABD4-AD26D33D3851}.Debug|Any CPU.ActiveCfg = Debug|Any CPU
		{C2651F6B-342C-4AEE-ABD4-AD26D33D3851}.Debug|Any CPU.Build.0 = Debug|Any CPU
		{C2651F6B-342C-4AEE-ABD4-AD26D33D3851}.Release|Any CPU.ActiveCfg = Release|Any CPU
		{C2651F6B-342C-4AEE-ABD4-AD26D33D3851}.Release|Any CPU.Build.0 = Release|Any CPU
	EndGlobalSection
EndGlobal
